
Microsoft Visual Studio Solution File, Format Version 12.00
# Visual Studio Version 16
VisualStudioVersion = 16.0.29503.13
MinimumVisualStudioVersion = 10.0.40219.1
Project("{9A19103F-16F7-4668-BE54-9A1E7A4F7556}") = "AzMathFunc", "AzMathFunc\AzMathFunc.csproj", "{C597C654-656D-43B7-801B-5A556D56AAD6}"
EndProject
Project("{9A19103F-16F7-4668-BE54-9A1E7A4F7556}") = "AzMathFunc.Tests", "AzMathFunc.Tests\AzMathFunc.Tests.csproj", "{7745AEC2-4857-457D-AE54-FC61BF109409}"
EndProject
Global
	GlobalSection(SolutionConfigurationPlatforms) = preSolution
		Debug|Any CPU = Debug|Any CPU
		Release|Any CPU = Release|Any CPU
	EndGlobalSection
	GlobalSection(ProjectConfigurationPlatforms) = postSolution
		{C597C654-656D-43B7-801B-5A556D56AAD6}.Debug|Any CPU.ActiveCfg = Debug|Any CPU
		{C597C654-656D-43B7-801B-5A556D56AAD6}.Debug|Any CPU.Build.0 = Debug|Any CPU
		{C597C654-656D-43B7-801B-5A556D56AAD6}.Release|Any CPU.ActiveCfg = Release|Any CPU
		{C597C654-656D-43B7-801B-5A556D56AAD6}.Release|Any CPU.Build.0 = Release|Any CPU
		{7745AEC2-4857-457D-AE54-FC61BF109409}.Debug|Any CPU.ActiveCfg = Debug|Any CPU
		{7745AEC2-4857-457D-AE54-FC61BF109409}.Debug|Any CPU.Build.0 = Debug|Any CPU
		{7745AEC2-4857-457D-AE54-FC61BF109409}.Release|Any CPU.ActiveCfg = Release|Any CPU
		{7745AEC2-4857-457D-AE54-FC61BF109409}.Release|Any CPU.Build.0 = Release|Any CPU
	EndGlobalSection
	GlobalSection(SolutionProperties) = preSolution
		HideSolutionNode = FALSE
	EndGlobalSection
	GlobalSection(ExtensibilityGlobals) = postSolution
		SolutionGuid = {D71391EF-384B-4F49-A324-62FCA1E004B7}
	EndGlobalSection
EndGlobal
